
Microsoft Visual Studio Solution File, Format Version 12.00
# Visual Studio Version 17
VisualStudioVersion = 17.0.31903.59
MinimumVisualStudioVersion = 10.0.40219.1
Project("{2150E333-8FDC-42A3-9474-1A3956D46DE8}") = "src", "src", "{827E0CD3-B72D-47B6-A68D-7590B98EB39B}"
EndProject
Project("{FAE04EC0-301F-11D3-BF4B-00C04F79EFBC}") = "LatticeServer", "src\LatticeServer\LatticeServer.csproj", "{95AA70B0-707C-4D7C-8641-4ED0A69C4825}"
EndProject
Project("{FAE04EC0-301F-11D3-BF4B-00C04F79EFBC}") = "LatticeClient", "src\LatticeClient\LatticeClient.csproj", "{CE682496-5FA5-478D-8EAD-FA1F604F1B2B}"
EndProject
Project("{FAE04EC0-301F-11D3-BF4B-00C04F79EFBC}") = "LatticeClientTest", "src\LatticeClientTest\LatticeClientTest.csproj", "{627328EA-8032-40C2-B751-248D5B59A0A0}"
EndProject
Project("{FAE04EC0-301F-11D3-BF4B-00C04F79EFBC}") = "LatticeServer.Tests", "src\LatticeServer.Tests\LatticeServer.Tests.csproj", "{B4F98A4D-E8B0-4F5E-AA3D-60F0258833CF}"
EndProject
Global
	GlobalSection(SolutionConfigurationPlatforms) = preSolution
		Debug|Any CPU = Debug|Any CPU
		Debug|x64 = Debug|x64
		Debug|x86 = Debug|x86
		Release|Any CPU = Release|Any CPU
		Release|x64 = Release|x64
		Release|x86 = Release|x86
	EndGlobalSection
	GlobalSection(ProjectConfigurationPlatforms) = postSolution
		{95AA70B0-707C-4D7C-8641-4ED0A69C4825}.Debug|Any CPU.ActiveCfg = Debug|Any CPU
		{95AA70B0-707C-4D7C-8641-4ED0A69C4825}.Debug|Any CPU.Build.0 = Debug|Any CPU
		{95AA70B0-707C-4D7C-8641-4ED0A69C4825}.Debug|x64.ActiveCfg = Debug|Any CPU
		{95AA70B0-707C-4D7C-8641-4ED0A69C4825}.Debug|x64.Build.0 = Debug|Any CPU
		{95AA70B0-707C-4D7C-8641-4ED0A69C4825}.Debug|x86.ActiveCfg = Debug|Any CPU
		{95AA70B0-707C-4D7C-8641-4ED0A69C4825}.Debug|x86.Build.0 = Debug|Any CPU
		{95AA70B0-707C-4D7C-8641-4ED0A69C4825}.Release|Any CPU.ActiveCfg = Release|Any CPU
		{95AA70B0-707C-4D7C-8641-4ED0A69C4825}.Release|Any CPU.Build.0 = Release|Any CPU
		{95AA70B0-707C-4D7C-8641-4ED0A69C4825}.Release|x64.ActiveCfg = Release|Any CPU
		{95AA70B0-707C-4D7C-8641-4ED0A69C4825}.Release|x64.Build.0 = Release|Any CPU
		{95AA70B0-707C-4D7C-8641-4ED0A69C4825}.Release|x86.ActiveCfg = Release|Any CPU
		{95AA70B0-707C-4D7C-8641-4ED0A69C4825}.Release|x86.Build.0 = Release|Any CPU
		{CE682496-5FA5-478D-8EAD-FA1F604F1B2B}.Debug|Any CPU.ActiveCfg = Debug|Any CPU
		{CE682496-5FA5-478D-8EAD-FA1F604F1B2B}.Debug|Any CPU.Build.0 = Debug|Any CPU
		{CE682496-5FA5-478D-8EAD-FA1F604F1B2B}.Debug|x64.ActiveCfg = Debug|Any CPU
		{CE682496-5FA5-478D-8EAD-FA1F604F1B2B}.Debug|x64.Build.0 = Debug|Any CPU
		{CE682496-5FA5-478D-8EAD-FA1F604F1B2B}.Debug|x86.ActiveCfg = Debug|Any CPU
		{CE682496-5FA5-478D-8EAD-FA1F604F1B2B}.Debug|x86.Build.0 = Debug|Any CPU
		{CE682496-5FA5-478D-8EAD-FA1F604F1B2B}.Release|Any CPU.ActiveCfg = Release|Any CPU
		{CE682496-5FA5-478D-8EAD-FA1F604F1B2B}.Release|Any CPU.Build.0 = Release|Any CPU
		{CE682496-5FA5-478D-8EAD-FA1F604F1B2B}.Release|x64.ActiveCfg = Release|Any CPU
		{CE682496-5FA5-478D-8EAD-FA1F604F1B2B}.Release|x64.Build.0 = Release|Any CPU
		{CE682496-5FA5-478D-8EAD-FA1F604F1B2B}.Release|x86.ActiveCfg = Release|Any CPU
		{CE682496-5FA5-478D-8EAD-FA1F604F1B2B}.Release|x86.Build.0 = Release|Any CPU
		{627328EA-8032-40C2-B751-248D5B59A0A0}.Debug|Any CPU.ActiveCfg = Debug|Any CPU
		{627328EA-8032-40C2-B751-248D5B59A0A0}.Debug|Any CPU.Build.0 = Debug|Any CPU
		{627328EA-8032-40C2-B751-248D5B59A0A0}.Debug|x64.ActiveCfg = Debug|Any CPU
		{627328EA-8032-40C2-B751-248D5B59A0A0}.Debug|x64.Build.0 = Debug|Any CPU
		{627328EA-8032-40C2-B751-248D5B59A0A0}.Debug|x86.ActiveCfg = Debug|Any CPU
		{627328EA-8032-40C2-B751-248D5B59A0A0}.Debug|x86.Build.0 = Debug|Any CPU
		{627328EA-8032-40C2-B751-248D5B59A0A0}.Release|Any CPU.ActiveCfg = Release|Any CPU
		{627328EA-8032-40C2-B751-248D5B59A0A0}.Release|Any CPU.Build.0 = Release|Any CPU
		{627328EA-8032-40C2-B751-248D5B59A0A0}.Release|x64.ActiveCfg = Release|Any CPU
		{627328EA-8032-40C2-B751-248D5B59A0A0}.Release|x64.Build.0 = Release|Any CPU
		{627328EA-8032-40C2-B751-248D5B59A0A0}.Release|x86.ActiveCfg = Release|Any CPU
		{627328EA-8032-40C2-B751-248D5B59A0A0}.Release|x86.Build.0 = Release|Any CPU
		{B4F98A4D-E8B0-4F5E-AA3D-60F0258833CF}.Debug|Any CPU.ActiveCfg = Debug|Any CPU
		{B4F98A4D-E8B0-4F5E-AA3D-60F0258833CF}.Debug|Any CPU.Build.0 = Debug|Any CPU
		{B4F98A4D-E8B0-4F5E-AA3D-60F0258833CF}.Debug|x64.ActiveCfg = Debug|Any CPU
		{B4F98A4D-E8B0-4F5E-AA3D-60F0258833CF}.Debug|x64.Build.0 = Debug|Any CPU
		{B4F98A4D-E8B0-4F5E-AA3D-60F0258833CF}.Debug|x86.ActiveCfg = Debug|Any CPU
		{B4F98A4D-E8B0-4F5E-AA3D-60F0258833CF}.Debug|x86.Build.0 = Debug|Any CPU
		{B4F98A4D-E8B0-4F5E-AA3D-60F0258833CF}.Release|Any CPU.ActiveCfg = Release|Any CPU
		{B4F98A4D-E8B0-4F5E-AA3D-60F0258833CF}.Release|Any CPU.Build.0 = Release|Any CPU
		{B4F98A4D-E8B0-4F5E-AA3D-60F0258833CF}.Release|x64.ActiveCfg = Release|Any CPU
		{B4F98A4D-E8B0-4F5E-AA3D-60F0258833CF}.Release|x64.Build.0 = Release|Any CPU
		{B4F98A4D-E8B0-4F5E-AA3D-60F0258833CF}.Release|x86.ActiveCfg = Release|Any CPU
		{B4F98A4D-E8B0-4F5E-AA3D-60F0258833CF}.Release|x86.Build.0 = Release|Any CPU
	EndGlobalSection
	GlobalSection(SolutionProperties) = preSolution
		HideSolutionNode = FALSE
	EndGlobalSection
	GlobalSection(NestedProjects) = preSolution
		{95AA70B0-707C-4D7C-8641-4ED0A69C4825} = {827E0CD3-B72D-47B6-A68D-7590B98EB39B}
		{CE682496-5FA5-478D-8EAD-FA1F604F1B2B} = {827E0CD3-B72D-47B6-A68D-7590B98EB39B}
		{627328EA-8032-40C2-B751-248D5B59A0A0} = {827E0CD3-B72D-47B6-A68D-7590B98EB39B}
		{B4F98A4D-E8B0-4F5E-AA3D-60F0258833CF} = {827E0CD3-B72D-47B6-A68D-7590B98EB39B}
	EndGlobalSection
EndGlobal
